
Microsoft Visual Studio Solution File, Format Version 12.00
# Visual Studio Version 17
VisualStudioVersion = 17.5.33516.290
MinimumVisualStudioVersion = 10.0.40219.1
Project("{FAE04EC0-301F-11D3-BF4B-00C04F79EFBC}") = "BLL", "BLL\BLL.csproj", "{70E8F75E-40BC-4321-951A-C43E7F5BC89B}"
EndProject
Project("{FAE04EC0-301F-11D3-BF4B-00C04F79EFBC}") = "DLL", "DLL\DLL.csproj", "{9F75E1A2-FC47-4341-8DF6-92F9D4729973}"
EndProject
Project("{FAE04EC0-301F-11D3-BF4B-00C04F79EFBC}") = "DTOs", "DTOs\DTOs.csproj", "{D4CA8891-4782-42DA-8587-FEC4556C510D}"
EndProject
Project("{FAE04EC0-301F-11D3-BF4B-00C04F79EFBC}") = "UI", "UI\UI.csproj", "{1D01564F-C090-4E22-813B-CF99A7E04ACE}"
EndProject
Project("{FAE04EC0-301F-11D3-BF4B-00C04F79EFBC}") = "Utilidades", "Utilidades\Utilidades.csproj", "{FCA2E595-4C64-4EE7-B2C6-F4BF478F0589}"
EndProject
Global
	GlobalSection(SolutionConfigurationPlatforms) = preSolution
		Debug|Any CPU = Debug|Any CPU
		Release|Any CPU = Release|Any CPU
	EndGlobalSection
	GlobalSection(ProjectConfigurationPlatforms) = postSolution
		{70E8F75E-40BC-4321-951A-C43E7F5BC89B}.Debug|Any CPU.ActiveCfg = Debug|Any CPU
		{70E8F75E-40BC-4321-951A-C43E7F5BC89B}.Debug|Any CPU.Build.0 = Debug|Any CPU
		{70E8F75E-40BC-4321-951A-C43E7F5BC89B}.Release|Any CPU.ActiveCfg = Release|Any CPU
		{70E8F75E-40BC-4321-951A-C43E7F5BC89B}.Release|Any CPU.Build.0 = Release|Any CPU
		{9F75E1A2-FC47-4341-8DF6-92F9D4729973}.Debug|Any CPU.ActiveCfg = Debug|Any CPU
		{9F75E1A2-FC47-4341-8DF6-92F9D4729973}.Debug|Any CPU.Build.0 = Debug|Any CPU
		{9F75E1A2-FC47-4341-8DF6-92F9D4729973}.Release|Any CPU.ActiveCfg = Release|Any CPU
		{9F75E1A2-FC47-4341-8DF6-92F9D4729973}.Release|Any CPU.Build.0 = Release|Any CPU
		{D4CA8891-4782-42DA-8587-FEC4556C510D}.Debug|Any CPU.ActiveCfg = Debug|Any CPU
		{D4CA8891-4782-42DA-8587-FEC4556C510D}.Debug|Any CPU.Build.0 = Debug|Any CPU
		{D4CA8891-4782-42DA-8587-FEC4556C510D}.Release|Any CPU.ActiveCfg = Release|Any CPU
		{D4CA8891-4782-42DA-8587-FEC4556C510D}.Release|Any CPU.Build.0 = Release|Any CPU
		{1D01564F-C090-4E22-813B-CF99A7E04ACE}.Debug|Any CPU.ActiveCfg = Debug|Any CPU
		{1D01564F-C090-4E22-813B-CF99A7E04ACE}.Debug|Any CPU.Build.0 = Debug|Any CPU
		{1D01564F-C090-4E22-813B-CF99A7E04ACE}.Release|Any CPU.ActiveCfg = Release|Any CPU
		{1D01564F-C090-4E22-813B-CF99A7E04ACE}.Release|Any CPU.Build.0 = Release|Any CPU
		{FCA2E595-4C64-4EE7-B2C6-F4BF478F0589}.Debug|Any CPU.ActiveCfg = Debug|Any CPU
		{FCA2E595-4C64-4EE7-B2C6-F4BF478F0589}.Debug|Any CPU.Build.0 = Debug|Any CPU
		{FCA2E595-4C64-4EE7-B2C6-F4BF478F0589}.Release|Any CPU.ActiveCfg = Release|Any CPU
		{FCA2E595-4C64-4EE7-B2C6-F4BF478F0589}.Release|Any CPU.Build.0 = Release|Any CPU
	EndGlobalSection
	GlobalSection(SolutionProperties) = preSolution
		HideSolutionNode = FALSE
	EndGlobalSection
	GlobalSection(ExtensibilityGlobals) = postSolution
		SolutionGuid = {131BFBBA-831B-43F2-A499-68F64DC99709}
	EndGlobalSection
EndGlobal
